{
  "version": 4,
  "terraform_version": "1.4.2",
  "serial": 21,
  "lineage": "9dafc124-931a-7f5e-2050-ab19f9368fd7",
  "outputs": {
    "lambda_url_delete_note": {
      "value": "https://7upmz5bg24k365nnapxv7ypomi0dqkxj.lambda-url.ca-central-1.on.aws/",
      "type": "string"
    },
    "lambda_url_get_notes": {
      "value": "https://rszorazlzvi352fbcodo7geuzq0lwlve.lambda-url.ca-central-1.on.aws/",
      "type": "string"
    },
    "lambda_url_save_note": {
      "value": "https://ls3njoflzw6ebgjzpdk4lmgs640dqmjj.lambda-url.ca-central-1.on.aws/",
      "type": "string"
    }
  },
  "resources": [
    {
      "mode": "data",
      "type": "archive_file",
      "name": "archive_delete_note",
      "provider": "provider[\"registry.terraform.io/hashicorp/archive\"]",
      "instances": [
        {
          "schema_version": 0,
          "attributes": {
            "excludes": null,
            "id": "1cb3299a49ecba5ca5ae15a5bf9a86e2788cb049",
            "output_base64sha256": "pT6eeeI+ALms4wey9+1P/I+urCJmTs9hF863tzxKv0U=",
            "output_file_mode": null,
            "output_md5": "2b9104168addbe726774bb628b3011e0",
            "output_path": "../functions/delete-note/artifact.zip",
            "output_sha": "1cb3299a49ecba5ca5ae15a5bf9a86e2788cb049",
            "output_size": 481,
            "source": [],
            "source_content": null,
            "source_content_filename": null,
            "source_dir": null,
            "source_file": "../functions/delete-note/main.py",
            "type": "zip"
          },
          "sensitive_attributes": []
        }
      ]
    },
    {
      "mode": "data",
      "type": "archive_file",
      "name": "archive_get_notes",
      "provider": "provider[\"registry.terraform.io/hashicorp/archive\"]",
      "instances": [
        {
          "schema_version": 0,
          "attributes": {
            "excludes": null,
            "id": "442c571153ced69eae811b4cdadbf77318de2105",
            "output_base64sha256": "b0nMCljnavosD0UXjiXUCq8LFSRCr5y2TbHV4UnMSUo=",
            "output_file_mode": null,
            "output_md5": "ffb9c0b80599eaacfbb2545c62eb24fc",
            "output_path": "../functions/get-notes/artifact.zip",
            "output_sha": "442c571153ced69eae811b4cdadbf77318de2105",
            "output_size": 435,
            "source": [],
            "source_content": null,
            "source_content_filename": null,
            "source_dir": null,
            "source_file": "../functions/get-notes/main.py",
            "type": "zip"
          },
          "sensitive_attributes": []
        }
      ]
    },
    {
      "mode": "data",
      "type": "archive_file",
      "name": "archive_save_note",
      "provider": "provider[\"registry.terraform.io/hashicorp/archive\"]",
      "instances": [
        {
          "schema_version": 0,
          "attributes": {
            "excludes": null,
            "id": "ddd66c8a932efd61bd7542b1b6f0a5665ecef447",
            "output_base64sha256": "O43hTs0OZnyftbRTeWwcVAcQaFcJPOwjPds1i+RLffU=",
            "output_file_mode": null,
            "output_md5": "ad85abe39043055f6b0db728c6f51413",
            "output_path": "../functions/save-note/artifact.zip",
            "output_sha": "ddd66c8a932efd61bd7542b1b6f0a5665ecef447",
            "output_size": 412,
            "source": [],
            "source_content": null,
            "source_content_filename": null,
            "source_dir": null,
            "source_file": "../functions/save-note/main.py",
            "type": "zip"
          },
          "sensitive_attributes": []
        }
      ]
    },
    {
      "mode": "managed",
      "type": "aws_dynamodb_table",
      "name": "notes-30141921",
      "provider": "provider[\"registry.terraform.io/hashicorp/aws\"]",
      "instances": [
        {
          "schema_version": 1,
          "attributes": {
            "arn": "arn:aws:dynamodb:ca-central-1:985238918738:table/notes-30141921",
            "attribute": [
              {
                "name": "email",
                "type": "S"
              },
              {
                "name": "id",
                "type": "S"
              }
            ],
            "billing_mode": "PROVISIONED",
            "deletion_protection_enabled": false,
            "global_secondary_index": [],
            "hash_key": "email",
            "id": "notes-30141921",
            "local_secondary_index": [],
            "name": "notes-30141921",
            "point_in_time_recovery": [
              {
                "enabled": false
              }
            ],
            "range_key": "id",
            "read_capacity": 1,
            "replica": [],
            "restore_date_time": null,
            "restore_source_name": null,
            "restore_to_latest_time": null,
            "server_side_encryption": [],
            "stream_arn": "",
            "stream_enabled": false,
            "stream_label": "",
            "stream_view_type": "",
            "table_class": "STANDARD",
            "tags": {},
            "tags_all": {},
            "timeouts": null,
            "ttl": [
              {
                "attribute_name": "",
                "enabled": false
              }
            ],
            "write_capacity": 1
          },
          "sensitive_attributes": [],
          "private": "eyJlMmJmYjczMC1lY2FhLTExZTYtOGY4OC0zNDM2M2JjN2M0YzAiOnsiY3JlYXRlIjoxODAwMDAwMDAwMDAwLCJkZWxldGUiOjYwMDAwMDAwMDAwMCwidXBkYXRlIjozNjAwMDAwMDAwMDAwfSwic2NoZW1hX3ZlcnNpb24iOiIxIn0="
        }
      ]
    },
    {
      "mode": "managed",
      "type": "aws_iam_policy",
      "name": "logs_all",
      "provider": "provider[\"registry.terraform.io/hashicorp/aws\"]",
      "instances": [
        {
          "schema_version": 0,
          "attributes": {
            "arn": "arn:aws:iam::985238918738:policy/lambda-log",
            "description": "IAM policy for logging from a lambda",
            "id": "arn:aws:iam::985238918738:policy/lambda-log",
            "name": "lambda-log",
            "name_prefix": null,
            "path": "/",
            "policy": "{\"Statement\":[{\"Action\":[\"logs:CreateLogGroup\",\"logs:CreateLogStream\",\"logs:PutLogEvents\",\"dynamodb:PutItem\",\"dynamodb:Query\",\"dynamodb:DeleteItem\"],\"Effect\":\"Allow\",\"Resource\":[\"arn:aws:logs:*:*:*\",\"arn:aws:dynamodb:ca-central-1:985238918738:table/notes-30141921\"]}],\"Version\":\"2012-10-17\"}",
            "policy_id": "ANPA6KZGQ2ZJFBWLASUFO",
            "tags": {},
            "tags_all": {}
          },
          "sensitive_attributes": [],
          "private": "bnVsbA==",
          "dependencies": [
            "aws_dynamodb_table.notes-30141921"
          ]
        }
      ]
    },
    {
      "mode": "managed",
      "type": "aws_iam_role",
      "name": "IAM-role-all",
      "provider": "provider[\"registry.terraform.io/hashicorp/aws\"]",
      "instances": [
        {
          "schema_version": 0,
          "attributes": {
            "arn": "arn:aws:iam::985238918738:role/IAM-role-lambda",
            "assume_role_policy": "{\"Statement\":[{\"Action\":\"sts:AssumeRole\",\"Effect\":\"Allow\",\"Principal\":{\"Service\":\"lambda.amazonaws.com\"},\"Sid\":\"\"}],\"Version\":\"2012-10-17\"}",
            "create_date": "2023-03-23T22:06:10Z",
            "description": "",
            "force_detach_policies": false,
            "id": "IAM-role-lambda",
            "inline_policy": [],
            "managed_policy_arns": [
              "arn:aws:iam::985238918738:policy/lambda-log"
            ],
            "max_session_duration": 3600,
            "name": "IAM-role-lambda",
            "name_prefix": "",
            "path": "/",
            "permissions_boundary": null,
            "tags": {},
            "tags_all": {},
            "unique_id": "AROA6KZGQ2ZJAVDNWNQE6"
          },
          "sensitive_attributes": [],
          "private": "bnVsbA=="
        }
      ]
    },
    {
      "mode": "managed",
      "type": "aws_iam_role_policy_attachment",
      "name": "lambda_logs",
      "provider": "provider[\"registry.terraform.io/hashicorp/aws\"]",
      "instances": [
        {
          "schema_version": 0,
          "attributes": {
            "id": "IAM-role-lambda-20230323220610675100000001",
            "policy_arn": "arn:aws:iam::985238918738:policy/lambda-log",
            "role": "IAM-role-lambda"
          },
          "sensitive_attributes": [],
          "private": "bnVsbA==",
          "dependencies": [
            "aws_dynamodb_table.notes-30141921",
            "aws_iam_policy.logs_all",
            "aws_iam_role.IAM-role-all"
          ]
        }
      ]
    },
    {
      "mode": "managed",
      "type": "aws_lambda_function",
      "name": "lambda-function-delete-note",
      "provider": "provider[\"registry.terraform.io/hashicorp/aws\"]",
      "instances": [
        {
          "schema_version": 0,
          "attributes": {
            "architectures": [
              "x86_64"
            ],
            "arn": "arn:aws:lambda:ca-central-1:985238918738:function:delete-note-30141541",
            "code_signing_config_arn": "",
            "dead_letter_config": [],
            "description": "",
            "environment": [],
            "ephemeral_storage": [
              {
                "size": 512
              }
            ],
            "file_system_config": [],
            "filename": "../functions/delete-note/artifact.zip",
            "function_name": "delete-note-30141541",
            "handler": "main.delete_note_handler",
            "id": "delete-note-30141541",
            "image_config": [],
            "image_uri": "",
            "invoke_arn": "arn:aws:apigateway:ca-central-1:lambda:path/2015-03-31/functions/arn:aws:lambda:ca-central-1:985238918738:function:delete-note-30141541/invocations",
            "kms_key_arn": "",
            "last_modified": "2023-03-24T06:13:04.000+0000",
            "layers": [],
            "memory_size": 128,
            "package_type": "Zip",
            "publish": false,
            "qualified_arn": "arn:aws:lambda:ca-central-1:985238918738:function:delete-note-30141541:$LATEST",
            "qualified_invoke_arn": "arn:aws:apigateway:ca-central-1:lambda:path/2015-03-31/functions/arn:aws:lambda:ca-central-1:985238918738:function:delete-note-30141541:$LATEST/invocations",
            "replace_security_groups_on_destroy": null,
            "replacement_security_group_ids": null,
            "reserved_concurrent_executions": -1,
            "role": "arn:aws:iam::985238918738:role/IAM-role-lambda",
            "runtime": "python3.9",
            "s3_bucket": null,
            "s3_key": null,
            "s3_object_version": null,
            "signing_job_arn": "",
            "signing_profile_version_arn": "",
            "skip_destroy": false,
            "snap_start": [],
            "source_code_hash": "pT6eeeI+ALms4wey9+1P/I+urCJmTs9hF863tzxKv0U=",
            "source_code_size": 481,
            "tags": {},
            "tags_all": {},
            "timeout": 3,
            "timeouts": null,
            "tracing_config": [
              {
                "mode": "PassThrough"
              }
            ],
            "version": "$LATEST",
            "vpc_config": []
          },
          "sensitive_attributes": [],
          "private": "eyJlMmJmYjczMC1lY2FhLTExZTYtOGY4OC0zNDM2M2JjN2M0YzAiOnsiY3JlYXRlIjo2MDAwMDAwMDAwMDAsImRlbGV0ZSI6NjAwMDAwMDAwMDAwLCJ1cGRhdGUiOjYwMDAwMDAwMDAwMH19",
          "dependencies": [
            "aws_iam_role.IAM-role-all",
            "data.archive_file.archive_delete_note"
          ]
        }
      ]
    },
    {
      "mode": "managed",
      "type": "aws_lambda_function",
      "name": "lambda-function-get-notes",
      "provider": "provider[\"registry.terraform.io/hashicorp/aws\"]",
      "instances": [
        {
          "schema_version": 0,
          "attributes": {
            "architectures": [
              "x86_64"
            ],
            "arn": "arn:aws:lambda:ca-central-1:985238918738:function:get-notes-30141541",
            "code_signing_config_arn": "",
            "dead_letter_config": [],
            "description": "",
            "environment": [],
            "ephemeral_storage": [
              {
                "size": 512
              }
            ],
            "file_system_config": [],
            "filename": "../functions/get-notes/artifact.zip",
            "function_name": "get-notes-30141541",
            "handler": "main.get_notes_handler",
            "id": "get-notes-30141541",
            "image_config": [],
            "image_uri": "",
            "invoke_arn": "arn:aws:apigateway:ca-central-1:lambda:path/2015-03-31/functions/arn:aws:lambda:ca-central-1:985238918738:function:get-notes-30141541/invocations",
            "kms_key_arn": "",
            "last_modified": "2023-03-24T06:12:58.000+0000",
            "layers": [],
            "memory_size": 128,
            "package_type": "Zip",
            "publish": false,
            "qualified_arn": "arn:aws:lambda:ca-central-1:985238918738:function:get-notes-30141541:$LATEST",
            "qualified_invoke_arn": "arn:aws:apigateway:ca-central-1:lambda:path/2015-03-31/functions/arn:aws:lambda:ca-central-1:985238918738:function:get-notes-30141541:$LATEST/invocations",
            "replace_security_groups_on_destroy": null,
            "replacement_security_group_ids": null,
            "reserved_concurrent_executions": -1,
            "role": "arn:aws:iam::985238918738:role/IAM-role-lambda",
            "runtime": "python3.9",
            "s3_bucket": null,
            "s3_key": null,
            "s3_object_version": null,
            "signing_job_arn": "",
            "signing_profile_version_arn": "",
            "skip_destroy": false,
            "snap_start": [],
            "source_code_hash": "b0nMCljnavosD0UXjiXUCq8LFSRCr5y2TbHV4UnMSUo=",
            "source_code_size": 435,
            "tags": {},
            "tags_all": {},
            "timeout": 3,
            "timeouts": null,
            "tracing_config": [
              {
                "mode": "PassThrough"
              }
            ],
            "version": "$LATEST",
            "vpc_config": []
          },
          "sensitive_attributes": [],
          "private": "eyJlMmJmYjczMC1lY2FhLTExZTYtOGY4OC0zNDM2M2JjN2M0YzAiOnsiY3JlYXRlIjo2MDAwMDAwMDAwMDAsImRlbGV0ZSI6NjAwMDAwMDAwMDAwLCJ1cGRhdGUiOjYwMDAwMDAwMDAwMH19",
          "dependencies": [
            "aws_iam_role.IAM-role-all",
            "data.archive_file.archive_get_notes"
          ]
        }
      ]
    },
    {
      "mode": "managed",
      "type": "aws_lambda_function",
      "name": "lambda-function-save-note",
      "provider": "provider[\"registry.terraform.io/hashicorp/aws\"]",
      "instances": [
        {
          "schema_version": 0,
          "attributes": {
            "architectures": [
              "x86_64"
            ],
            "arn": "arn:aws:lambda:ca-central-1:985238918738:function:save-note-30141541",
            "code_signing_config_arn": "",
            "dead_letter_config": [],
            "description": "",
            "environment": [],
            "ephemeral_storage": [
              {
                "size": 512
              }
            ],
            "file_system_config": [],
            "filename": "../functions/save-note/artifact.zip",
            "function_name": "save-note-30141541",
            "handler": "main.save_note_handler",
            "id": "save-note-30141541",
            "image_config": [],
            "image_uri": "",
            "invoke_arn": "arn:aws:apigateway:ca-central-1:lambda:path/2015-03-31/functions/arn:aws:lambda:ca-central-1:985238918738:function:save-note-30141541/invocations",
            "kms_key_arn": "",
            "last_modified": "2023-03-24T06:43:11.000+0000",
            "layers": [],
            "memory_size": 128,
            "package_type": "Zip",
            "publish": false,
            "qualified_arn": "arn:aws:lambda:ca-central-1:985238918738:function:save-note-30141541:$LATEST",
            "qualified_invoke_arn": "arn:aws:apigateway:ca-central-1:lambda:path/2015-03-31/functions/arn:aws:lambda:ca-central-1:985238918738:function:save-note-30141541:$LATEST/invocations",
            "replace_security_groups_on_destroy": null,
            "replacement_security_group_ids": null,
            "reserved_concurrent_executions": -1,
            "role": "arn:aws:iam::985238918738:role/IAM-role-lambda",
            "runtime": "python3.9",
            "s3_bucket": null,
            "s3_key": null,
            "s3_object_version": null,
            "signing_job_arn": "",
            "signing_profile_version_arn": "",
            "skip_destroy": false,
            "snap_start": [],
            "source_code_hash": "O43hTs0OZnyftbRTeWwcVAcQaFcJPOwjPds1i+RLffU=",
            "source_code_size": 412,
            "tags": {},
            "tags_all": {},
            "timeout": 3,
            "timeouts": null,
            "tracing_config": [
              {
                "mode": "PassThrough"
              }
            ],
            "version": "$LATEST",
            "vpc_config": []
          },
          "sensitive_attributes": [],
          "private": "eyJlMmJmYjczMC1lY2FhLTExZTYtOGY4OC0zNDM2M2JjN2M0YzAiOnsiY3JlYXRlIjo2MDAwMDAwMDAwMDAsImRlbGV0ZSI6NjAwMDAwMDAwMDAwLCJ1cGRhdGUiOjYwMDAwMDAwMDAwMH19",
          "dependencies": [
            "aws_iam_role.IAM-role-all",
            "data.archive_file.archive_save_note"
          ]
        }
      ]
    },
    {
      "mode": "managed",
      "type": "aws_lambda_function_url",
      "name": "delete_note_url",
      "provider": "provider[\"registry.terraform.io/hashicorp/aws\"]",
      "instances": [
        {
          "schema_version": 0,
          "attributes": {
            "authorization_type": "NONE",
            "cors": [
              {
                "allow_credentials": true,
                "allow_headers": [
                  "*"
                ],
                "allow_methods": [
                  "DELETE"
                ],
                "allow_origins": [
                  "*"
                ],
                "expose_headers": [
                  "date",
                  "keep-alive"
                ],
                "max_age": 0
              }
            ],
            "function_arn": "arn:aws:lambda:ca-central-1:985238918738:function:delete-note-30141541",
            "function_name": "delete-note-30141541",
            "function_url": "https://7upmz5bg24k365nnapxv7ypomi0dqkxj.lambda-url.ca-central-1.on.aws/",
            "id": "delete-note-30141541",
            "qualifier": "",
            "timeouts": null,
            "url_id": "7upmz5bg24k365nnapxv7ypomi0dqkxj"
          },
          "sensitive_attributes": [],
          "private": "eyJlMmJmYjczMC1lY2FhLTExZTYtOGY4OC0zNDM2M2JjN2M0YzAiOnsiY3JlYXRlIjo2MDAwMDAwMDAwMDB9fQ==",
          "dependencies": [
            "aws_iam_role.IAM-role-all",
            "aws_lambda_function.lambda-function-delete-note",
            "data.archive_file.archive_delete_note"
          ]
        }
      ]
    },
    {
      "mode": "managed",
      "type": "aws_lambda_function_url",
      "name": "get_notes_url",
      "provider": "provider[\"registry.terraform.io/hashicorp/aws\"]",
      "instances": [
        {
          "schema_version": 0,
          "attributes": {
            "authorization_type": "NONE",
            "cors": [
              {
                "allow_credentials": true,
                "allow_headers": [
                  "*"
                ],
                "allow_methods": [
                  "GET"
                ],
                "allow_origins": [
                  "*"
                ],
                "expose_headers": [
                  "date",
                  "keep-alive"
                ],
                "max_age": 0
              }
            ],
            "function_arn": "arn:aws:lambda:ca-central-1:985238918738:function:get-notes-30141541",
            "function_name": "get-notes-30141541",
            "function_url": "https://rszorazlzvi352fbcodo7geuzq0lwlve.lambda-url.ca-central-1.on.aws/",
            "id": "get-notes-30141541",
            "qualifier": "",
            "timeouts": null,
            "url_id": "rszorazlzvi352fbcodo7geuzq0lwlve"
          },
          "sensitive_attributes": [],
          "private": "eyJlMmJmYjczMC1lY2FhLTExZTYtOGY4OC0zNDM2M2JjN2M0YzAiOnsiY3JlYXRlIjo2MDAwMDAwMDAwMDB9fQ==",
          "dependencies": [
            "aws_iam_role.IAM-role-all",
            "aws_lambda_function.lambda-function-get-notes",
            "data.archive_file.archive_get_notes"
          ]
        }
      ]
    },
    {
      "mode": "managed",
      "type": "aws_lambda_function_url",
      "name": "save_note_url",
      "provider": "provider[\"registry.terraform.io/hashicorp/aws\"]",
      "instances": [
        {
          "schema_version": 0,
          "attributes": {
            "authorization_type": "NONE",
            "cors": [
              {
                "allow_credentials": true,
                "allow_headers": [
                  "*"
                ],
                "allow_methods": [
                  "POST"
                ],
                "allow_origins": [
                  "*"
                ],
                "expose_headers": [
                  "date",
                  "keep-alive"
                ],
                "max_age": 0
              }
            ],
            "function_arn": "arn:aws:lambda:ca-central-1:985238918738:function:save-note-30141541",
            "function_name": "save-note-30141541",
            "function_url": "https://ls3njoflzw6ebgjzpdk4lmgs640dqmjj.lambda-url.ca-central-1.on.aws/",
            "id": "save-note-30141541",
            "qualifier": "",
            "timeouts": null,
            "url_id": "ls3njoflzw6ebgjzpdk4lmgs640dqmjj"
          },
          "sensitive_attributes": [],
          "private": "eyJlMmJmYjczMC1lY2FhLTExZTYtOGY4OC0zNDM2M2JjN2M0YzAiOnsiY3JlYXRlIjo2MDAwMDAwMDAwMDB9fQ==",
          "dependencies": [
            "aws_iam_role.IAM-role-all",
            "aws_lambda_function.lambda-function-save-note",
            "data.archive_file.archive_save_note"
          ]
        }
      ]
    }
  ],
  "check_results": null
}
